<?xml version="1.0" encoding="utf-8"?>
<Project ToolsVersion="4.0" xmlns="http://schemas.microsoft.com/developer/msbuild/2003">
  <ItemGroup>
    <Filter Include="Source Files">
      <UniqueIdentifier>{4FC737F1-C7A5-4376-A066-2A32D752A2FF}</UniqueIdentifier>
      <Extensions>cpp;c;cc;cxx;def;odl;idl;hpj;bat;asm;asmx</Extensions>
    </Filter>
    <Filter Include="Header Files">
      <UniqueIdentifier>{93995380-89BD-4b04-88EB-625FBE52EBFB}</UniqueIdentifier>
      <Extensions>h;hh;hpp;hxx;hm;inl;inc;xsd</Extensions>
    </Filter>
    <Filter Include="Resource Files">
      <UniqueIdentifier>{67DA6AB6-F800-4c08-8B7A-83BB121AAD01}</UniqueIdentifier>
      <Extensions>rc;ico;cur;bmp;dlg;rc2;rct;bin;rgs;gif;jpg;jpeg;jpe;resx;tiff;tif;png;wav;mfcribbon-ms</Extensions>
    </Filter>
    <Filter Include="Source Files\tiniconv">
      <UniqueIdentifier>{bde699ae-e6c3-4972-aab8-74c375c224a4}</UniqueIdentifier>
    </Filter>
    <Filter Include="Header Files\tiniconv">
      <UniqueIdentifier>{42d5cdbb-11ac-4b36-ac6a-51aa0d5c1c9a}</UniqueIdentifier>
    </Filter>
  </ItemGroup>
  <ItemGroup>
    <ClCompile Include="base64.cpp">
      <Filter>Source Files</Filter>
    </ClCompile>
    <ClCompile Include="convinfo.cpp">
      <Filter>Source Files</Filter>
    </ClCompile>
    <ClCompile Include="convpass1.cpp">
      <Filter>Source Files</Filter>
    </ClCompile>
    <ClCompile Include="convpass2.cpp">
      <Filter>Source Files</Filter>
    </ClCompile>
    <ClCompile Include="fb2toepub.cpp">
      <Filter>Source Files</Filter>
    </ClCompile>
    <ClCompile Include="fb2toepubconv.cpp">
      <Filter>Source Files</Filter>
    </ClCompile>
    <ClCompile Include="mangling.cpp">
      <Filter>Source Files</Filter>
    </ClCompile>
    <ClCompile Include="opentypefont.cpp">
      <Filter>Source Files</Filter>
    </ClCompile>
    <ClCompile Include="scandir.cpp">
      <Filter>Source Files</Filter>
    </ClCompile>
    <ClCompile Include="scanner.cpp">
      <Filter>Source Files</Filter>
    </ClCompile>
    <ClCompile Include="scannermisc.cpp">
      <Filter>Source Files</Filter>
    </ClCompile>
    <ClCompile Include="stream.cpp">
      <Filter>Source Files</Filter>
    </ClCompile>
    <ClCompile Include="streamconv.cpp">
      <Filter>Source Files</Filter>
    </ClCompile>
    <ClCompile Include="streamconvICU.cpp">
      <Filter>Source Files</Filter>
    </ClCompile>
    <ClCompile Include="streamtini.cpp">
      <Filter>Source Files</Filter>
    </ClCompile>
    <ClCompile Include="streamutf8.cpp">
      <Filter>Source Files</Filter>
    </ClCompile>
    <ClCompile Include="streamzip.cpp">
      <Filter>Source Files</Filter>
    </ClCompile>
    <ClCompile Include="translit.cpp">
      <Filter>Source Files</Filter>
    </ClCompile>
    <ClCompile Include="types.cpp">
      <Filter>Source Files</Filter>
    </ClCompile>
    <ClCompile Include="uuidmisc.cpp">
      <Filter>Source Files</Filter>
    </ClCompile>
    <ClCompile Include="tiniconv\tiniconv.c">
      <Filter>Source Files\tiniconv</Filter>
    </ClCompile>
    <ClCompile Include="tiniconv\tiniconv_desc.c">
      <Filter>Source Files\tiniconv</Filter>
    </ClCompile>
    <ClCompile Include="error.cpp">
      <Filter>Source Files</Filter>
    </ClCompile>
    <ClCompile Include="XmlFb2toEpub.cpp">
      <Filter>Source Files</Filter>
    </ClCompile>
  </ItemGroup>
  <ItemGroup>
    <ClInclude Include="base64.h">
      <Filter>Header Files</Filter>
    </ClInclude>
    <ClInclude Include="config.h">
      <Filter>Header Files</Filter>
    </ClInclude>
    <ClInclude Include="converter.h">
      <Filter>Header Files</Filter>
    </ClInclude>
    <ClInclude Include="error.h">
      <Filter>Header Files</Filter>
    </ClInclude>
    <ClInclude Include="fb2toepubconv.h">
      <Filter>Header Files</Filter>
    </ClInclude>
    <ClInclude Include="FlexLexer.h">
      <Filter>Header Files</Filter>
    </ClInclude>
    <ClInclude Include="hdr.h">
      <Filter>Header Files</Filter>
    </ClInclude>
    <ClInclude Include="mangling.h">
      <Filter>Header Files</Filter>
    </ClInclude>
    <ClInclude Include="opentypefont.h">
      <Filter>Header Files</Filter>
    </ClInclude>
    <ClInclude Include="scandir.h">
      <Filter>Header Files</Filter>
    </ClInclude>
    <ClInclude Include="scanner.h">
      <Filter>Header Files</Filter>
    </ClInclude>
    <ClInclude Include="stream.h">
      <Filter>Header Files</Filter>
    </ClInclude>
    <ClInclude Include="streamconv.h">
      <Filter>Header Files</Filter>
    </ClInclude>
    <ClInclude Include="streamzip.h">
      <Filter>Header Files</Filter>
    </ClInclude>
    <ClInclude Include="translit.h">
      <Filter>Header Files</Filter>
    </ClInclude>
    <ClInclude Include="types.h">
      <Filter>Header Files</Filter>
    </ClInclude>
    <ClInclude Include="uuidmisc.h">
      <Filter>Header Files</Filter>
    </ClInclude>
    <ClInclude Include="tiniconv\tiniconv.h">
      <Filter>Header Files\tiniconv</Filter>
    </ClInclude>
    <ClInclude Include="tiniconv\tiniconv_int.h">
      <Filter>Header Files\tiniconv</Filter>
    </ClInclude>
  </ItemGroup>
</Project>